<?xml version="1.0" encoding="UTF-8" standalone="yes" ?>
<CodeBlocks_project_file>
	<FileVersion major="1" minor="6" />
	<Project>
		<Option title="main_control" />
		<Option pch_mode="2" />
		<Option compiler="gcc" />
		<Build>
			<Target title="Debug">
				<Option output="bin/Debug/main_control" prefix_auto="1" extension_auto="1" />
				<Option object_output="obj/Debug/" />
				<Option type="1" />
				<Option compiler="gcc" />
				<Compiler>
					<Add option="-g" />
					<Add directory="include" />
					<Add directory="/home/pi/Documents/source/main_control" />
					<Add directory="main_control" />
				</Compiler>
				<Linker>
					<Add library="pthread" />
				</Linker>
			</Target>
			<Target title="Release">
				<Option output="bin/Release/main_control" prefix_auto="1" extension_auto="1" />
				<Option object_output="obj/Release/" />
				<Option type="1" />
				<Option compiler="gcc" />
				<Compiler>
					<Add option="-O2" />
					<Add directory="include" />
					<Add directory="/home/pi/Documents/source/main_control" />
					<Add directory="main_control" />
				</Compiler>
				<Linker>
					<Add option="-s" />
					<Add library="pthread" />
				</Linker>
			</Target>
		</Build>
		<Compiler>
			<Add option="-Wall" />
			<Add option="-fexceptions" />
		</Compiler>
		<Unit filename="../commPort/SCCArgumentParser.cpp" />
		<Unit filename="../commPort/SCCArgumentParser.h" />
		<Unit filename="../commPort/SCCRealTime.cpp" />
		<Unit filename="../commPort/SCCRealTime.h" />
		<Unit filename="../commPort/SCCWirelessRcvrProtocol.h" />
		<Unit filename="../jsonParser/JsonParser.cpp" />
		<Unit filename="../jsonParser/JsonParser.h" />
		<Unit filename="../jsonParser/rapidjson/allocators.h" />
		<Unit filename="../jsonParser/rapidjson/cursorstreamwrapper.h" />
		<Unit filename="../jsonParser/rapidjson/document.h" />
		<Unit filename="../jsonParser/rapidjson/encodedstream.h" />
		<Unit filename="../jsonParser/rapidjson/encodings.h" />
		<Unit filename="../jsonParser/rapidjson/error/en.h" />
		<Unit filename="../jsonParser/rapidjson/error/error.h" />
		<Unit filename="../jsonParser/rapidjson/filereadstream.h" />
		<Unit filename="../jsonParser/rapidjson/filewritestream.h" />
		<Unit filename="../jsonParser/rapidjson/fwd.h" />
		<Unit filename="../jsonParser/rapidjson/internal/biginteger.h" />
		<Unit filename="../jsonParser/rapidjson/internal/diyfp.h" />
		<Unit filename="../jsonParser/rapidjson/internal/dtoa.h" />
		<Unit filename="../jsonParser/rapidjson/internal/ieee754.h" />
		<Unit filename="../jsonParser/rapidjson/internal/itoa.h" />
		<Unit filename="../jsonParser/rapidjson/internal/meta.h" />
		<Unit filename="../jsonParser/rapidjson/internal/pow10.h" />
		<Unit filename="../jsonParser/rapidjson/internal/regex.h" />
		<Unit filename="../jsonParser/rapidjson/internal/stack.h" />
		<Unit filename="../jsonParser/rapidjson/internal/strfunc.h" />
		<Unit filename="../jsonParser/rapidjson/internal/strtod.h" />
		<Unit filename="../jsonParser/rapidjson/internal/swap.h" />
		<Unit filename="../jsonParser/rapidjson/istreamwrapper.h" />
		<Unit filename="../jsonParser/rapidjson/memorybuffer.h" />
		<Unit filename="../jsonParser/rapidjson/memorystream.h" />
		<Unit filename="../jsonParser/rapidjson/msinttypes/inttypes.h" />
		<Unit filename="../jsonParser/rapidjson/msinttypes/stdint.h" />
		<Unit filename="../jsonParser/rapidjson/ostreamwrapper.h" />
		<Unit filename="../jsonParser/rapidjson/pointer.h" />
		<Unit filename="../jsonParser/rapidjson/prettywriter.h" />
		<Unit filename="../jsonParser/rapidjson/rapidjson.h" />
		<Unit filename="../jsonParser/rapidjson/reader.h" />
		<Unit filename="../jsonParser/rapidjson/schema.h" />
		<Unit filename="../jsonParser/rapidjson/stream.h" />
		<Unit filename="../jsonParser/rapidjson/stringbuffer.h" />
		<Unit filename="../jsonParser/rapidjson/writer.h" />
		<Unit filename="../jsonParser/rapidjsonTest.cpp" />
		<Unit filename="CSocket.cpp" />
		<Unit filename="CSocket.h" />
		<Unit filename="IDList.cpp" />
		<Unit filename="IDList.h" />
		<Unit filename="MainCtrlSettings.cpp" />
		<Unit filename="MainCtrlSettings.h" />
		<Unit filename="SCCAlive.cpp" />
		<Unit filename="SCCAlive.h" />
		<Unit filename="SCCCreateMessage.cpp" />
		<Unit filename="SCCCreateMessage.h" />
		<Unit filename="SCCDeviceNames.h" />
		<Unit filename="SCCDeviceParams.h" />
		<Unit filename="SCCDeviceVars.h" />
		<Unit filename="SCCDisplay.cpp" />
		<Unit filename="SCCDisplay.h" />
		<Unit filename="SCCFileManager.cpp" />
		<Unit filename="SCCFileManager.h" />
		<Unit filename="SCCFlowmeter.cpp" />
		<Unit filename="SCCFlowmeter.h" />
		<Unit filename="SCCFuelTransaction.cpp" />
		<Unit filename="SCCFuelTransaction.h" />
		<Unit filename="SCCGeneralDefines.h" />
		<Unit filename="SCCKeyboard.cpp" />
		<Unit filename="SCCKeyboard.h" />
		<Unit filename="SCCLog.cpp" />
		<Unit filename="SCCLog.h" />
		<Unit filename="SCCRemoteServer.cpp" />
		<Unit filename="SCCRemoteServer.h" />
		<Unit filename="SCCStateVar.cpp" />
		<Unit filename="SCCStateVar.h" />
		<Unit filename="commgsm.cpp" />
		<Unit filename="commgsm.h" />
		<Unit filename="device.cpp" />
		<Unit filename="device.h" />
		<Unit filename="electrovalvctrl.cpp" />
		<Unit filename="electrovalvctrl.h" />
		<Unit filename="lucesestado.cpp" />
		<Unit filename="lucesestado.h" />
		<Unit filename="main.cpp" />
		<Unit filename="main_fuel_manage.cpp" />
		<Unit filename="main_fuel_manage.h" />
		<Unit filename="main_functions.cpp" />
		<Unit filename="main_functions.h" />
		<Unit filename="mainstate.cpp" />
		<Unit filename="mainstate.h" />
		<Unit filename="rfidboquilla.cpp" />
		<Unit filename="rfidboquilla.h" />
		<Unit filename="rfiduser.cpp" />
		<Unit filename="rfiduser.h" />
		<Extensions>
			<code_completion />
			<envvars />
			<debugger />
			<lib_finder disable_auto="1" />
		</Extensions>
	</Project>
</CodeBlocks_project_file>
