<?xml version="1.0" encoding="UTF-8" standalone="yes" ?>
<CodeBlocks_project_file>
	<FileVersion major="1" minor="6" />
	<Project>
		<Option title="main_control" />
		<Option pch_mode="2" />
		<Option compiler="gcc" />
		<Build>
			<Target title="Debug">
				<Option output="bin/Debug/main_control" prefix_auto="1" extension_auto="1" />
				<Option object_output="obj/Debug/" />
				<Option type="1" />
				<Option compiler="gcc" />
				<Compiler>
					<Add option="-g" />
					<Add directory="include" />
					<Add directory="/home/pi/Documents/source/main_control" />
				</Compiler>
				<Linker>
					<Add library="pthread" />
				</Linker>
			</Target>
			<Target title="Release">
				<Option output="bin/Release/main_control" prefix_auto="1" extension_auto="1" />
				<Option object_output="obj/Release/" />
				<Option type="1" />
				<Option compiler="gcc" />
				<Compiler>
					<Add option="-O2" />
					<Add directory="include" />
					<Add directory="/home/pi/Documents/source/main_control" />
				</Compiler>
				<Linker>
					<Add option="-s" />
					<Add library="pthread" />
				</Linker>
			</Target>
		</Build>
		<Compiler>
			<Add option="-Wall" />
			<Add option="-fexceptions" />
		</Compiler>
		<Unit filename="../commPort/SCCArgumentParser.cpp" />
		<Unit filename="../commPort/SCCArgumentParser.h" />
		<Unit filename="../commPort/SCCWirelessRcvrProtocol.h" />
		<Unit filename="CSocket.cpp" />
		<Unit filename="CSocket.h" />
		<Unit filename="IDList.cpp" />
		<Unit filename="IDList.h" />
		<Unit filename="IDUserList.cpp" />
		<Unit filename="IDUserList.h" />
		<Unit filename="IDVehicleList.cpp" />
		<Unit filename="IDVehicleList.h" />
		<Unit filename="MainCtrlSettings.cpp" />
		<Unit filename="MainCtrlSettings.h" />
		<Unit filename="SCCAlive.cpp" />
		<Unit filename="SCCAlive.h" />
		<Unit filename="SCCDeviceNames.h" />
		<Unit filename="SCCDeviceParams.h" />
		<Unit filename="SCCLog.cpp" />
		<Unit filename="SCCLog.h" />
		<Unit filename="SCCRemoteServer.cpp" />
		<Unit filename="SCCRemoteServer.h" />
		<Unit filename="commgsm.cpp" />
		<Unit filename="commgsm.h" />
		<Unit filename="device.cpp" />
		<Unit filename="device.h" />
		<Unit filename="electrovalvctrl.cpp" />
		<Unit filename="electrovalvctrl.h" />
		<Unit filename="lucesestado.cpp" />
		<Unit filename="lucesestado.h" />
		<Unit filename="main.cpp" />
		<Unit filename="mainstate.cpp" />
		<Unit filename="mainstate.h" />
		<Unit filename="rfidboquilla.cpp" />
		<Unit filename="rfidboquilla.h" />
		<Unit filename="rfiduser.cpp" />
		<Unit filename="rfiduser.h" />
		<Extensions>
			<code_completion />
			<envvars />
			<debugger />
			<lib_finder disable_auto="1" />
		</Extensions>
	</Project>
</CodeBlocks_project_file>
